<?xml version="1.0" encoding="utf-8"?>
<Project ToolsVersion="4.0" xmlns="http://schemas.microsoft.com/developer/msbuild/2003">
  <ItemGroup>
    <Filter Include="Source Files">
      <UniqueIdentifier>{4FC737F1-C7A5-4376-A066-2A32D752A2FF}</UniqueIdentifier>
      <Extensions>cpp;c;cc;cxx;c++;cppm;ixx;def;odl;idl;hpj;bat;asm;asmx</Extensions>
    </Filter>
    <Filter Include="Header Files">
      <UniqueIdentifier>{93995380-89BD-4b04-88EB-625FBE52EBFB}</UniqueIdentifier>
      <Extensions>h;hh;hpp;hxx;h++;hm;inl;inc;ipp;xsd</Extensions>
    </Filter>
    <Filter Include="Resource Files">
      <UniqueIdentifier>{67DA6AB6-F800-4c08-8B7A-83BB121AAD01}</UniqueIdentifier>
      <Extensions>rc;ico;cur;bmp;dlg;rc2;rct;bin;rgs;gif;jpg;jpeg;jpe;resx;tiff;tif;png;wav;mfcribbon-ms</Extensions>
    </Filter>
    <Filter Include="Header Files\debugger">
      <UniqueIdentifier>{9d2c53e9-c97e-4b7f-8cf0-e3e5e7a7dce2}</UniqueIdentifier>
    </Filter>
    <Filter Include="Source Files\debugger">
      <UniqueIdentifier>{c6500884-b178-46b8-9ba0-850ca2c48298}</UniqueIdentifier>
    </Filter>
    <Filter Include="Source Files\gui">
      <UniqueIdentifier>{4b4ea4e3-4092-486f-a39d-3c0f10faf706}</UniqueIdentifier>
    </Filter>
    <Filter Include="Header Files\gui">
      <UniqueIdentifier>{07764b42-68da-4475-9351-0a48cb6f1381}</UniqueIdentifier>
    </Filter>
    <Filter Include="packages">
      <UniqueIdentifier>{bc7adab6-8cda-4825-b2a4-a88311c185f2}</UniqueIdentifier>
    </Filter>
    <Filter Include="Source Files\config">
      <UniqueIdentifier>{a7fa1fbf-90fd-4b3d-ac31-ff6ba46e7788}</UniqueIdentifier>
    </Filter>
    <Filter Include="Header Files\config">
      <UniqueIdentifier>{aac17e9b-d9dd-405e-ae9a-a7cc4b293d03}</UniqueIdentifier>
    </Filter>
    <Filter Include="Source Files\controls">
      <UniqueIdentifier>{c13dc330-2ced-4589-8bd7-c7aa0babe528}</UniqueIdentifier>
    </Filter>
    <Filter Include="Header Files\controls">
      <UniqueIdentifier>{95c92abd-892f-4dba-8944-266a69396bce}</UniqueIdentifier>
    </Filter>
    <Filter Include="Header Files\utils">
      <UniqueIdentifier>{b262b8c2-4a77-49e5-bf45-7fc551f5a5be}</UniqueIdentifier>
    </Filter>
    <Filter Include="Source Files\utils">
      <UniqueIdentifier>{50154629-4011-4d15-9c16-0faaf064c0d5}</UniqueIdentifier>
    </Filter>
  </ItemGroup>
  <ItemGroup>
    <ClInclude Include="include\debugger\DebuggerAPI.h">
      <Filter>Header Files\debugger</Filter>
    </ClInclude>
    <ClInclude Include="include\debugger\Machine.h">
      <Filter>Header Files\debugger</Filter>
    </ClInclude>
    <ClInclude Include="include\framework.h">
      <Filter>Header Files</Filter>
    </ClInclude>
    <ClInclude Include="include\globals.h">
      <Filter>Header Files</Filter>
    </ClInclude>
    <ClInclude Include="include\gui\AmiPalIDE.h">
      <Filter>Header Files\gui</Filter>
    </ClInclude>
    <ClInclude Include="include\gui\MemoryPanel.h">
      <Filter>Header Files\gui</Filter>
    </ClInclude>
    <ClInclude Include="include\gui\MemoryToolBar.h">
      <Filter>Header Files\gui</Filter>
    </ClInclude>
    <ClInclude Include="include\gui\DocumentPanel.h">
      <Filter>Header Files\gui</Filter>
    </ClInclude>
    <ClInclude Include="include\gui\DocumentView.h">
      <Filter>Header Files\gui</Filter>
    </ClInclude>
    <ClInclude Include="include\controls\ComboBoxEdit.h">
      <Filter>Header Files\controls</Filter>
    </ClInclude>
    <ClInclude Include="include\utils\commandline.h">
      <Filter>Header Files\utils</Filter>
    </ClInclude>
    <ClInclude Include="include\gui\MainFrame.h">
      <Filter>Header Files\gui</Filter>
    </ClInclude>
    <ClInclude Include="include\controls\EditBtn.h">
      <Filter>Header Files\controls</Filter>
    </ClInclude>
  </ItemGroup>
  <ItemGroup>
    <ClCompile Include="dllmain.cpp">
      <Filter>Source Files</Filter>
    </ClCompile>
    <ClCompile Include="debugger\DebuggerAPI.cpp">
      <Filter>Source Files\debugger</Filter>
    </ClCompile>
    <ClCompile Include="gui\AmiPalIDE.cpp">
      <Filter>Source Files\gui</Filter>
    </ClCompile>
    <ClCompile Include="gui\MemoryPanel.cpp">
      <Filter>Source Files\gui</Filter>
    </ClCompile>
    <ClCompile Include="gui\MemoryToolBar.cpp">
      <Filter>Source Files\gui</Filter>
    </ClCompile>
    <ClCompile Include="gui\DocumentPanel.cpp">
      <Filter>Source Files\gui</Filter>
    </ClCompile>
    <ClCompile Include="controls\ComboBoxEdit.cpp">
      <Filter>Source Files\controls</Filter>
    </ClCompile>
    <ClCompile Include="utils\commandline.cpp">
      <Filter>Source Files\utils</Filter>
    </ClCompile>
    <ClCompile Include="gui\MainFrame.cpp">
      <Filter>Source Files\gui</Filter>
    </ClCompile>
    <ClCompile Include="controls\EditBtn.cpp">
      <Filter>Source Files\controls</Filter>
    </ClCompile>
  </ItemGroup>
  <ItemGroup>
    <None Include="wxWidgets-3.1.4_static.nuspec">
      <Filter>packages</Filter>
    </None>
    <None Include="wxWidgets-3.1.4_static.targets">
      <Filter>packages</Filter>
    </None>
    <None Include="packages.config">
      <Filter>packages</Filter>
    </None>
  </ItemGroup>
</Project>