<?xml version="1.0" encoding="utf-8"?>
<Project ToolsVersion="4.0" xmlns="http://schemas.microsoft.com/developer/msbuild/2003">
  <ItemGroup>
    <Filter Include="Source Files">
      <UniqueIdentifier>{4FC737F1-C7A5-4376-A066-2A32D752A2FF}</UniqueIdentifier>
      <Extensions>cpp;c;cc;cxx;c++;cppm;ixx;def;odl;idl;hpj;bat;asm;asmx</Extensions>
    </Filter>
    <Filter Include="Header Files">
      <UniqueIdentifier>{93995380-89BD-4b04-88EB-625FBE52EBFB}</UniqueIdentifier>
      <Extensions>h;hh;hpp;hxx;h++;hm;inl;inc;ipp;xsd</Extensions>
    </Filter>
    <Filter Include="Resource Files">
      <UniqueIdentifier>{67DA6AB6-F800-4c08-8B7A-83BB121AAD01}</UniqueIdentifier>
      <Extensions>rc;ico;cur;bmp;dlg;rc2;rct;bin;rgs;gif;jpg;jpeg;jpe;resx;tiff;tif;png;wav;mfcribbon-ms</Extensions>
    </Filter>
    <Filter Include="Header Files\debugger">
      <UniqueIdentifier>{9d2c53e9-c97e-4b7f-8cf0-e3e5e7a7dce2}</UniqueIdentifier>
    </Filter>
    <Filter Include="Source Files\debugger">
      <UniqueIdentifier>{c6500884-b178-46b8-9ba0-850ca2c48298}</UniqueIdentifier>
    </Filter>
    <Filter Include="Source Files\gui">
      <UniqueIdentifier>{4b4ea4e3-4092-486f-a39d-3c0f10faf706}</UniqueIdentifier>
    </Filter>
    <Filter Include="Header Files\gui">
      <UniqueIdentifier>{07764b42-68da-4475-9351-0a48cb6f1381}</UniqueIdentifier>
    </Filter>
    <Filter Include="packages">
      <UniqueIdentifier>{bc7adab6-8cda-4825-b2a4-a88311c185f2}</UniqueIdentifier>
    </Filter>
    <Filter Include="Source Files\controls">
      <UniqueIdentifier>{c13dc330-2ced-4589-8bd7-c7aa0babe528}</UniqueIdentifier>
    </Filter>
    <Filter Include="Header Files\controls">
      <UniqueIdentifier>{95c92abd-892f-4dba-8944-266a69396bce}</UniqueIdentifier>
    </Filter>
    <Filter Include="Header Files\utils">
      <UniqueIdentifier>{b262b8c2-4a77-49e5-bf45-7fc551f5a5be}</UniqueIdentifier>
    </Filter>
    <Filter Include="Source Files\utils">
      <UniqueIdentifier>{50154629-4011-4d15-9c16-0faaf064c0d5}</UniqueIdentifier>
    </Filter>
    <Filter Include="Header Files\gui\properties">
      <UniqueIdentifier>{3017a7e2-f179-4edf-b351-3d568b12ee41}</UniqueIdentifier>
    </Filter>
    <Filter Include="Source Files\gui\properties">
      <UniqueIdentifier>{224f6f37-1169-401a-a565-fea3ac7e2d6f}</UniqueIdentifier>
    </Filter>
    <Filter Include="Header Files\config">
      <UniqueIdentifier>{e3b7ecfd-07fc-4306-ab99-e3978e061aaf}</UniqueIdentifier>
    </Filter>
    <Filter Include="Source Files\config">
      <UniqueIdentifier>{10d7ddd3-269c-4cb8-a904-0386093e0a55}</UniqueIdentifier>
    </Filter>
    <Filter Include="Header Files\gui\properties\pages">
      <UniqueIdentifier>{ca6bd29d-9243-447b-8f40-62cb2d47d91e}</UniqueIdentifier>
    </Filter>
    <Filter Include="Source Files\gui\properties\pages">
      <UniqueIdentifier>{4738584d-1934-4c76-b4ee-c84d2499f850}</UniqueIdentifier>
    </Filter>
    <Filter Include="Header Files\algorithms">
      <UniqueIdentifier>{b849ff91-2e0c-4a7b-8a27-619c1042e946}</UniqueIdentifier>
    </Filter>
  </ItemGroup>
  <ItemGroup>
    <ClInclude Include="include\debugger\DebuggerAPI.h">
      <Filter>Header Files\debugger</Filter>
    </ClInclude>
    <ClInclude Include="include\debugger\Machine.h">
      <Filter>Header Files\debugger</Filter>
    </ClInclude>
    <ClInclude Include="include\framework.h">
      <Filter>Header Files</Filter>
    </ClInclude>
    <ClInclude Include="include\globals.h">
      <Filter>Header Files</Filter>
    </ClInclude>
    <ClInclude Include="include\gui\AmiPalIDE.h">
      <Filter>Header Files\gui</Filter>
    </ClInclude>
    <ClInclude Include="include\gui\MemoryPanel.h">
      <Filter>Header Files\gui</Filter>
    </ClInclude>
    <ClInclude Include="include\gui\MemoryToolBar.h">
      <Filter>Header Files\gui</Filter>
    </ClInclude>
    <ClInclude Include="include\gui\DocumentPanel.h">
      <Filter>Header Files\gui</Filter>
    </ClInclude>
    <ClInclude Include="include\controls\ComboBoxEdit.h">
      <Filter>Header Files\controls</Filter>
    </ClInclude>
    <ClInclude Include="include\utils\commandline.h">
      <Filter>Header Files\utils</Filter>
    </ClInclude>
    <ClInclude Include="include\gui\MainFrame.h">
      <Filter>Header Files\gui</Filter>
    </ClInclude>
    <ClInclude Include="include\controls\EditBtn.h">
      <Filter>Header Files\controls</Filter>
    </ClInclude>
    <ClInclude Include="include\gui\properties\PropertyDlg.h">
      <Filter>Header Files\gui\properties</Filter>
    </ClInclude>
    <ClInclude Include="include\gui\Document.h">
      <Filter>Header Files\gui</Filter>
    </ClInclude>
    <ClInclude Include="include\gui\properties\ConfigDlg.h">
      <Filter>Header Files\gui\properties</Filter>
    </ClInclude>
    <ClInclude Include="include\controls\TreeItemData.h">
      <Filter>Header Files\controls</Filter>
    </ClInclude>
    <ClInclude Include="include\config\ApplicationConfig.h">
      <Filter>Header Files\config</Filter>
    </ClInclude>
    <ClInclude Include="include\gui\properties\PropertyPage.h">
      <Filter>Header Files\gui\properties</Filter>
    </ClInclude>
    <ClInclude Include="include\gui\properties\PropertyPagePanel.h">
      <Filter>Header Files\gui\properties</Filter>
    </ClInclude>
    <ClInclude Include="include\gui\properties\pages\GlobalSettingsPage.h">
      <Filter>Header Files\gui\properties\pages</Filter>
    </ClInclude>
    <ClInclude Include="include\gui\properties\pages\DebuggerViewPage.h">
      <Filter>Header Files\gui\properties\pages</Filter>
    </ClInclude>
    <ClInclude Include="include\config\Config.h">
      <Filter>Header Files\config</Filter>
    </ClInclude>
    <ClInclude Include="include\algorithms\observer.h">
      <Filter>Header Files\algorithms</Filter>
    </ClInclude>
    <ClInclude Include="include\config\DebuggerConfig.h">
      <Filter>Header Files\config</Filter>
    </ClInclude>
  </ItemGroup>
  <ItemGroup>
    <ClCompile Include="dllmain.cpp">
      <Filter>Source Files</Filter>
    </ClCompile>
    <ClCompile Include="debugger\DebuggerAPI.cpp">
      <Filter>Source Files\debugger</Filter>
    </ClCompile>
    <ClCompile Include="gui\AmiPalIDE.cpp">
      <Filter>Source Files\gui</Filter>
    </ClCompile>
    <ClCompile Include="gui\MemoryPanel.cpp">
      <Filter>Source Files\gui</Filter>
    </ClCompile>
    <ClCompile Include="gui\MemoryToolBar.cpp">
      <Filter>Source Files\gui</Filter>
    </ClCompile>
    <ClCompile Include="gui\DocumentPanel.cpp">
      <Filter>Source Files\gui</Filter>
    </ClCompile>
    <ClCompile Include="controls\ComboBoxEdit.cpp">
      <Filter>Source Files\controls</Filter>
    </ClCompile>
    <ClCompile Include="utils\commandline.cpp">
      <Filter>Source Files\utils</Filter>
    </ClCompile>
    <ClCompile Include="gui\MainFrame.cpp">
      <Filter>Source Files\gui</Filter>
    </ClCompile>
    <ClCompile Include="controls\EditBtn.cpp">
      <Filter>Source Files\controls</Filter>
    </ClCompile>
    <ClCompile Include="gui\properties\PropertyDlg.cpp">
      <Filter>Source Files\gui\properties</Filter>
    </ClCompile>
    <ClCompile Include="gui\properties\ConfigDlg.cpp">
      <Filter>Source Files\gui\properties</Filter>
    </ClCompile>
    <ClCompile Include="gui\properties\pages\GlobalSettingsPage.cpp">
      <Filter>Source Files\gui\properties\pages</Filter>
    </ClCompile>
    <ClCompile Include="gui\properties\pages\DebuggerViewPage.cpp">
      <Filter>Source Files\gui\properties\pages</Filter>
    </ClCompile>
    <ClCompile Include="config\config.cpp">
      <Filter>Source Files\config</Filter>
    </ClCompile>
  </ItemGroup>
  <ItemGroup>
    <None Include="packages.config">
      <Filter>packages</Filter>
    </None>
    <None Include="wxWidgets-0.0.0_static.nuspec" />
    <None Include="wxWidgets-0.0.0_static.targets" />
  </ItemGroup>
</Project>