<?xml version="1.0" encoding="utf-8"?>
<Project ToolsVersion="4.0" xmlns="http://schemas.microsoft.com/developer/msbuild/2003">
  <ItemGroup>
    <Filter Include="Header Files">
      <UniqueIdentifier>{93995380-89BD-4b04-88EB-625FBE52EBFB}</UniqueIdentifier>
      <Extensions>h;hpp;hxx;hm;inl;inc;xsd</Extensions>
    </Filter>
    <Filter Include="Resource Files">
      <UniqueIdentifier>{67DA6AB6-F800-4c08-8B7A-83BB121AAD01}</UniqueIdentifier>
      <Extensions>rc;ico;cur;bmp;dlg;rc2;rct;bin;rgs;gif;jpg;jpeg;jpe;resx;tiff;tif;png;wav</Extensions>
    </Filter>
    <Filter Include="Source Files">
      <UniqueIdentifier>{4FC737F1-C7A5-4376-A066-2A32D752A2FF}</UniqueIdentifier>
      <Extensions>cpp;c;cc;cxx;def;odl;idl;hpj;bat;asm;asmx</Extensions>
    </Filter>
    <Filter Include="Header Files\app">
      <UniqueIdentifier>{37ba34e0-c818-42e0-9382-27691a3e1d2a}</UniqueIdentifier>
    </Filter>
    <Filter Include="Source Files\app">
      <UniqueIdentifier>{9b6003c8-e0a5-4e35-b1cc-5f230f74356c}</UniqueIdentifier>
    </Filter>
    <Filter Include="Header Files\debugger">
      <UniqueIdentifier>{41972b27-8a43-47e0-88d3-f73d1368c10f}</UniqueIdentifier>
    </Filter>
    <Filter Include="Source Files\debugger">
      <UniqueIdentifier>{7df1a6c9-95a3-4471-b237-36a415ea74db}</UniqueIdentifier>
    </Filter>
  </ItemGroup>
  <ItemGroup>
    <ClCompile Include="AppLookDlg.cpp">
      <Filter>Source Files</Filter>
    </ClCompile>
    <ClCompile Include="ClassTreeWnd.cpp">
      <Filter>Source Files</Filter>
    </ClCompile>
    <ClCompile Include="ClassViewBar.cpp">
      <Filter>Source Files</Filter>
    </ClCompile>
    <ClCompile Include="DynamicHelpView.cpp">
      <Filter>Source Files</Filter>
    </ClCompile>
    <ClCompile Include="FileViewBar.cpp">
      <Filter>Source Files</Filter>
    </ClCompile>
    <ClCompile Include="FindComboBox.cpp">
      <Filter>Source Files</Filter>
    </ClCompile>
    <ClCompile Include="OptionsDlg.cpp">
      <Filter>Source Files</Filter>
    </ClCompile>
    <ClCompile Include="OptionsPages.cpp">
      <Filter>Source Files</Filter>
    </ClCompile>
    <ClCompile Include="OutputBar.cpp">
      <Filter>Source Files</Filter>
    </ClCompile>
    <ClCompile Include="OutputView.cpp">
      <Filter>Source Files</Filter>
    </ClCompile>
    <ClCompile Include="PropertiesViewBar.cpp">
      <Filter>Source Files</Filter>
    </ClCompile>
    <ClCompile Include="ResourceView.cpp">
      <Filter>Source Files</Filter>
    </ClCompile>
    <ClCompile Include="UndoBar.cpp">
      <Filter>Source Files</Filter>
    </ClCompile>
    <ClCompile Include="UndoListBox.cpp">
      <Filter>Source Files</Filter>
    </ClCompile>
    <ClCompile Include="WatchBar.cpp">
      <Filter>Source Files</Filter>
    </ClCompile>
    <ClCompile Include="app\ChildFrm.cpp">
      <Filter>Source Files\app</Filter>
    </ClCompile>
    <ClCompile Include="app\DebuggerGui.cpp">
      <Filter>Source Files\app</Filter>
    </ClCompile>
    <ClCompile Include="app\DebuggerGuiDoc.cpp">
      <Filter>Source Files\app</Filter>
    </ClCompile>
    <ClCompile Include="app\DebuggerGuiView.cpp">
      <Filter>Source Files\app</Filter>
    </ClCompile>
    <ClCompile Include="app\MainFrm.cpp">
      <Filter>Source Files\app</Filter>
    </ClCompile>
    <ClCompile Include="app\StartView.cpp">
      <Filter>Source Files\app</Filter>
    </ClCompile>
    <ClCompile Include="debugger\DebuggerAPIImpl.cpp">
      <Filter>Source Files\debugger</Filter>
    </ClCompile>
    <ClCompile Include="debugger\TestDebuggerAPIImpl.cpp">
      <Filter>Source Files\debugger</Filter>
    </ClCompile>
  </ItemGroup>
  <ItemGroup>
    <None Include="res\build.bmp">
      <Filter>Resource Files</Filter>
    </None>
    <None Include="res\build24.bmp">
      <Filter>Resource Files</Filter>
    </None>
    <None Include="res\check.bmp">
      <Filter>Resource Files</Filter>
    </None>
    <None Include="res\classview.bmp">
      <Filter>Resource Files</Filter>
    </None>
    <None Include="res\classview_hc.bmp">
      <Filter>Resource Files</Filter>
    </None>
    <None Include="res\class_view.ico">
      <Filter>Resource Files</Filter>
    </None>
    <None Include="res\class_view_hc.ico">
      <Filter>Resource Files</Filter>
    </None>
    <None Include="res\cpp.ico">
      <Filter>Resource Files</Filter>
    </None>
    <None Include="res\current.bmp">
      <Filter>Resource Files</Filter>
    </None>
    <None Include="res\director.bmp">
      <Filter>Resource Files</Filter>
    </None>
    <None Include="res\dynamich.bmp">
      <Filter>Resource Files</Filter>
    </None>
    <None Include="res\dynamich24.bmp">
      <Filter>Resource Files</Filter>
    </None>
    <None Include="res\dynamichelp.ico">
      <Filter>Resource Files</Filter>
    </None>
    <None Include="res\dynamichelp_hc.ico">
      <Filter>Resource Files</Filter>
    </None>
    <None Include="res\edit.bmp">
      <Filter>Resource Files</Filter>
    </None>
    <None Include="res\edit24.bmp">
      <Filter>Resource Files</Filter>
    </None>
    <None Include="res\filevie24.bmp">
      <Filter>Resource Files</Filter>
    </None>
    <None Include="res\fileview.bmp">
      <Filter>Resource Files</Filter>
    </None>
    <None Include="res\file_view.ico">
      <Filter>Resource Files</Filter>
    </None>
    <None Include="res\file_view_hc.ico">
      <Filter>Resource Files</Filter>
    </None>
    <None Include="res\help24.bmp">
      <Filter>Resource Files</Filter>
    </None>
    <None Include="res\img_inte_hc.bmp">
      <Filter>Resource Files</Filter>
    </None>
    <None Include="res\intellisense.bmp">
      <Filter>Resource Files</Filter>
    </None>
    <None Include="res\lable.bmp">
      <Filter>Resource Files</Filter>
    </None>
    <None Include="res\menuimages.bmp">
      <Filter>Resource Files</Filter>
    </None>
    <None Include="res\menuimages24.bmp">
      <Filter>Resource Files</Filter>
    </None>
    <None Include="res\optionsimages.bmp">
      <Filter>Resource Files</Filter>
    </None>
    <None Include="res\output_bar.ico">
      <Filter>Resource Files</Filter>
    </None>
    <None Include="res\output_bar_hc.ico">
      <Filter>Resource Files</Filter>
    </None>
    <None Include="res\prop24.bmp">
      <Filter>Resource Files</Filter>
    </None>
    <None Include="res\properti.bmp">
      <Filter>Resource Files</Filter>
    </None>
    <None Include="res\properti.ico">
      <Filter>Resource Files</Filter>
    </None>
    <None Include="res\prop_bar_hc.ico">
      <Filter>Resource Files</Filter>
    </None>
    <None Include="res\resource.bmp">
      <Filter>Resource Files</Filter>
    </None>
    <None Include="res\resource24.bmp">
      <Filter>Resource Files</Filter>
    </None>
    <None Include="res\res_view.ico">
      <Filter>Resource Files</Filter>
    </None>
    <None Include="res\res_view_hc.ico">
      <Filter>Resource Files</Filter>
    </None>
    <None Include="res\solution.bmp">
      <Filter>Resource Files</Filter>
    </None>
    <None Include="res\solution24.bmp">
      <Filter>Resource Files</Filter>
    </None>
    <None Include="res\sort.bmp">
      <Filter>Resource Files</Filter>
    </None>
    <None Include="res\sort24.bmp">
      <Filter>Resource Files</Filter>
    </None>
    <None Include="res\start.png">
      <Filter>Resource Files</Filter>
    </None>
    <None Include="res\Toolbar.bmp">
      <Filter>Resource Files</Filter>
    </None>
    <None Include="res\toolbar1.bmp">
      <Filter>Resource Files</Filter>
    </None>
    <None Include="res\Toolbar24.bmp">
      <Filter>Resource Files</Filter>
    </None>
    <None Include="res\toolbar_.bmp">
      <Filter>Resource Files</Filter>
    </None>
    <None Include="res\DebuggerGui.ico">
      <Filter>Resource Files</Filter>
    </None>
    <None Include="res\DebuggerGui.rc2">
      <Filter>Resource Files</Filter>
    </None>
    <None Include="res\DebuggerGuiDoc.ico">
      <Filter>Resource Files</Filter>
    </None>
    <None Include="res\watch_bar.ico">
      <Filter>Resource Files</Filter>
    </None>
    <None Include="res\watch_bar_hc.ico">
      <Filter>Resource Files</Filter>
    </None>
    <None Include="res\web.ico">
      <Filter>Resource Files</Filter>
    </None>
    <None Include="res\workspc.bmp">
      <Filter>Resource Files</Filter>
    </None>
  </ItemGroup>
  <ItemGroup>
    <ClInclude Include="AppLookDlg.h">
      <Filter>Header Files</Filter>
    </ClInclude>
    <ClInclude Include="ClassTreeWnd.h">
      <Filter>Header Files</Filter>
    </ClInclude>
    <ClInclude Include="ClassViewBar.h">
      <Filter>Header Files</Filter>
    </ClInclude>
    <ClInclude Include="DynamicHelpView.h">
      <Filter>Header Files</Filter>
    </ClInclude>
    <ClInclude Include="FileViewBar.h">
      <Filter>Header Files</Filter>
    </ClInclude>
    <ClInclude Include="FindComboBox.h">
      <Filter>Header Files</Filter>
    </ClInclude>
    <ClInclude Include="OptionsDlg.h">
      <Filter>Header Files</Filter>
    </ClInclude>
    <ClInclude Include="OptionsPages.h">
      <Filter>Header Files</Filter>
    </ClInclude>
    <ClInclude Include="OutputBar.h">
      <Filter>Header Files</Filter>
    </ClInclude>
    <ClInclude Include="OutputView.h">
      <Filter>Header Files</Filter>
    </ClInclude>
    <ClInclude Include="PropertiesViewBar.h">
      <Filter>Header Files</Filter>
    </ClInclude>
    <ClInclude Include="Resource.h">
      <Filter>Header Files</Filter>
    </ClInclude>
    <ClInclude Include="ResourceView.h">
      <Filter>Header Files</Filter>
    </ClInclude>
    <ClInclude Include="stdafx.h">
      <Filter>Header Files</Filter>
    </ClInclude>
    <ClInclude Include="targetver.h">
      <Filter>Header Files</Filter>
    </ClInclude>
    <ClInclude Include="UndoBar.h">
      <Filter>Header Files</Filter>
    </ClInclude>
    <ClInclude Include="UndoListBox.h">
      <Filter>Header Files</Filter>
    </ClInclude>
    <ClInclude Include="WatchBar.h">
      <Filter>Header Files</Filter>
    </ClInclude>
    <ClInclude Include="app\ChildFrm.h">
      <Filter>Header Files\app</Filter>
    </ClInclude>
    <ClInclude Include="app\DebuggerGui.h">
      <Filter>Header Files\app</Filter>
    </ClInclude>
    <ClInclude Include="app\DebuggerGuiDoc.h">
      <Filter>Header Files\app</Filter>
    </ClInclude>
    <ClInclude Include="app\DebuggerGuiView.h">
      <Filter>Header Files\app</Filter>
    </ClInclude>
    <ClInclude Include="app\MainFrm.h">
      <Filter>Header Files\app</Filter>
    </ClInclude>
    <ClInclude Include="app\StartView.h">
      <Filter>Header Files\app</Filter>
    </ClInclude>
    <ClInclude Include="debugger\DebuggerAPI.h">
      <Filter>Header Files\debugger</Filter>
    </ClInclude>
    <ClInclude Include="res\resource.h">
      <Filter>Header Files</Filter>
    </ClInclude>
  </ItemGroup>
  <ItemGroup>
    <ResourceCompile Include="res\DebuggerGui.rc">
      <Filter>Resource Files</Filter>
    </ResourceCompile>
  </ItemGroup>
  <ItemGroup>
    <Image Include="res\res\start.png">
      <Filter>Resource Files</Filter>
    </Image>
    <Image Include="res\res\DebuggerGui.ico">
      <Filter>Resource Files</Filter>
    </Image>
    <Image Include="res\res\DebuggerGuiDoc.ico">
      <Filter>Resource Files</Filter>
    </Image>
    <Image Include="res\res\class_view.ico">
      <Filter>Resource Files</Filter>
    </Image>
    <Image Include="res\res\res_view.ico">
      <Filter>Resource Files</Filter>
    </Image>
    <Image Include="res\res\file_view.ico">
      <Filter>Resource Files</Filter>
    </Image>
    <Image Include="res\res\output_bar.ico">
      <Filter>Resource Files</Filter>
    </Image>
    <Image Include="res\res\watch_bar.ico">
      <Filter>Resource Files</Filter>
    </Image>
    <Image Include="res\res\dynamichelp.ico">
      <Filter>Resource Files</Filter>
    </Image>
    <Image Include="res\res\properti.ico">
      <Filter>Resource Files</Filter>
    </Image>
    <Image Include="res\res\class_view_hc.ico">
      <Filter>Resource Files</Filter>
    </Image>
    <Image Include="res\res\file_view_hc.ico">
      <Filter>Resource Files</Filter>
    </Image>
    <Image Include="res\res\res_view_hc.ico">
      <Filter>Resource Files</Filter>
    </Image>
    <Image Include="res\res\prop_bar_hc.ico">
      <Filter>Resource Files</Filter>
    </Image>
    <Image Include="res\res\dynamichelp_hc.ico">
      <Filter>Resource Files</Filter>
    </Image>
    <Image Include="res\res\watch_bar_hc.ico">
      <Filter>Resource Files</Filter>
    </Image>
    <Image Include="res\res\output_bar_hc.ico">
      <Filter>Resource Files</Filter>
    </Image>
    <Image Include="res\res\cpp.ico">
      <Filter>Resource Files</Filter>
    </Image>
    <Image Include="res\res\build.bmp">
      <Filter>Resource Files</Filter>
    </Image>
    <Image Include="res\res\Toolbar.bmp">
      <Filter>Resource Files</Filter>
    </Image>
    <Image Include="res\res\menuimages.bmp">
      <Filter>Resource Files</Filter>
    </Image>
    <Image Include="res\res\toolbar_.bmp">
      <Filter>Resource Files</Filter>
    </Image>
    <Image Include="res\res\sort.bmp">
      <Filter>Resource Files</Filter>
    </Image>
    <Image Include="res\res\toolbar1.bmp">
      <Filter>Resource Files</Filter>
    </Image>
    <Image Include="res\res\properti.bmp">
      <Filter>Resource Files</Filter>
    </Image>
    <Image Include="res\res\solution.bmp">
      <Filter>Resource Files</Filter>
    </Image>
    <Image Include="res\res\edit.bmp">
      <Filter>Resource Files</Filter>
    </Image>
    <Image Include="res\res\check.bmp">
      <Filter>Resource Files</Filter>
    </Image>
    <Image Include="res\res\classview.bmp">
      <Filter>Resource Files</Filter>
    </Image>
    <Image Include="res\res\fileview.bmp">
      <Filter>Resource Files</Filter>
    </Image>
    <Image Include="res\res\resource.bmp">
      <Filter>Resource Files</Filter>
    </Image>
    <Image Include="res\res\workspc.bmp">
      <Filter>Resource Files</Filter>
    </Image>
    <Image Include="res\res\dynamich.bmp">
      <Filter>Resource Files</Filter>
    </Image>
    <Image Include="res\res\intellisense.bmp">
      <Filter>Resource Files</Filter>
    </Image>
    <Image Include="res\res\optionsimages.bmp">
      <Filter>Resource Files</Filter>
    </Image>
    <Image Include="res\res\menuimages24.bmp">
      <Filter>Resource Files</Filter>
    </Image>
    <Image Include="res\res\Toolbar24.bmp">
      <Filter>Resource Files</Filter>
    </Image>
    <Image Include="res\res\build24.bmp">
      <Filter>Resource Files</Filter>
    </Image>
    <Image Include="res\res\edit24.bmp">
      <Filter>Resource Files</Filter>
    </Image>
    <Image Include="res\res\img_inte_hc.bmp">
      <Filter>Resource Files</Filter>
    </Image>
    <Image Include="res\res\solution24.bmp">
      <Filter>Resource Files</Filter>
    </Image>
    <Image Include="res\res\prop24.bmp">
      <Filter>Resource Files</Filter>
    </Image>
    <Image Include="res\res\classview_hc.bmp">
      <Filter>Resource Files</Filter>
    </Image>
    <Image Include="res\res\sort24.bmp">
      <Filter>Resource Files</Filter>
    </Image>
    <Image Include="res\res\filevie24.bmp">
      <Filter>Resource Files</Filter>
    </Image>
    <Image Include="res\res\help24.bmp">
      <Filter>Resource Files</Filter>
    </Image>
    <Image Include="res\res\dynamich24.bmp">
      <Filter>Resource Files</Filter>
    </Image>
    <Image Include="res\res\resource24.bmp">
      <Filter>Resource Files</Filter>
    </Image>
    <Image Include="res\res\current.bmp">
      <Filter>Resource Files</Filter>
    </Image>
  </ItemGroup>
</Project>